
Microsoft Visual Studio Solution File, Format Version 12.00
# Visual Studio 14
VisualStudioVersion = 14.0.25123.0
MinimumVisualStudioVersion = 10.0.40219.1
Project("{FAE04EC0-301F-11D3-BF4B-00C04F79EFBC}") = "schedInterface", "schedInterface\schedInterface.csproj", "{26EB39A9-752A-4511-ADE4-4FC07AA31577}"
EndProject
Project("{FAE04EC0-301F-11D3-BF4B-00C04F79EFBC}") = "fnsign_updater", "fnsign_updater\fnsign_updater.csproj", "{E21A6E33-FA82-43DD-AE34-55715ADB8BE6}"
EndProject
Project("{FAE04EC0-301F-11D3-BF4B-00C04F79EFBC}") = "fnsignManager", "fnsignManager\fnsignManager.csproj", "{66A11794-6EB7-4062-BA79-D352C37CDB78}"
EndProject
Project("{FAE04EC0-301F-11D3-BF4B-00C04F79EFBC}") = "fnsignDisplay", "fnsignDisplay\fnsignDisplay.csproj", "{715EE89E-18C1-4954-8CF0-6701F95757A0}"
EndProject
Project("{FAE04EC0-301F-11D3-BF4B-00C04F79EFBC}") = "openstackAPI", "openstackAPI\openstackAPI.csproj", "{DEB8F9B0-711A-4573-81A5-663448B53A55}"
EndProject
Global
	GlobalSection(SolutionConfigurationPlatforms) = preSolution
		Debug|Any CPU = Debug|Any CPU
		Debug|Mixed Platforms = Debug|Mixed Platforms
		Debug|x86 = Debug|x86
		Release|Any CPU = Release|Any CPU
		Release|Mixed Platforms = Release|Mixed Platforms
		Release|x86 = Release|x86
	EndGlobalSection
	GlobalSection(ProjectConfigurationPlatforms) = postSolution
		{26EB39A9-752A-4511-ADE4-4FC07AA31577}.Debug|Any CPU.ActiveCfg = Debug|Any CPU
		{26EB39A9-752A-4511-ADE4-4FC07AA31577}.Debug|Any CPU.Build.0 = Debug|Any CPU
		{26EB39A9-752A-4511-ADE4-4FC07AA31577}.Debug|Mixed Platforms.ActiveCfg = Debug|Any CPU
		{26EB39A9-752A-4511-ADE4-4FC07AA31577}.Debug|Mixed Platforms.Build.0 = Debug|Any CPU
		{26EB39A9-752A-4511-ADE4-4FC07AA31577}.Debug|x86.ActiveCfg = Debug|Any CPU
		{26EB39A9-752A-4511-ADE4-4FC07AA31577}.Release|Any CPU.ActiveCfg = Release|Any CPU
		{26EB39A9-752A-4511-ADE4-4FC07AA31577}.Release|Any CPU.Build.0 = Release|Any CPU
		{26EB39A9-752A-4511-ADE4-4FC07AA31577}.Release|Mixed Platforms.ActiveCfg = Release|Any CPU
		{26EB39A9-752A-4511-ADE4-4FC07AA31577}.Release|Mixed Platforms.Build.0 = Release|Any CPU
		{26EB39A9-752A-4511-ADE4-4FC07AA31577}.Release|x86.ActiveCfg = Release|Any CPU
		{E21A6E33-FA82-43DD-AE34-55715ADB8BE6}.Debug|Any CPU.ActiveCfg = Debug|x86
		{E21A6E33-FA82-43DD-AE34-55715ADB8BE6}.Debug|Mixed Platforms.ActiveCfg = Debug|x86
		{E21A6E33-FA82-43DD-AE34-55715ADB8BE6}.Debug|Mixed Platforms.Build.0 = Debug|x86
		{E21A6E33-FA82-43DD-AE34-55715ADB8BE6}.Debug|x86.ActiveCfg = Debug|x86
		{E21A6E33-FA82-43DD-AE34-55715ADB8BE6}.Debug|x86.Build.0 = Debug|x86
		{E21A6E33-FA82-43DD-AE34-55715ADB8BE6}.Release|Any CPU.ActiveCfg = Release|x86
		{E21A6E33-FA82-43DD-AE34-55715ADB8BE6}.Release|Mixed Platforms.ActiveCfg = Release|x86
		{E21A6E33-FA82-43DD-AE34-55715ADB8BE6}.Release|Mixed Platforms.Build.0 = Release|x86
		{E21A6E33-FA82-43DD-AE34-55715ADB8BE6}.Release|x86.ActiveCfg = Release|x86
		{E21A6E33-FA82-43DD-AE34-55715ADB8BE6}.Release|x86.Build.0 = Release|x86
		{66A11794-6EB7-4062-BA79-D352C37CDB78}.Debug|Any CPU.ActiveCfg = Debug|Any CPU
		{66A11794-6EB7-4062-BA79-D352C37CDB78}.Debug|Any CPU.Build.0 = Debug|Any CPU
		{66A11794-6EB7-4062-BA79-D352C37CDB78}.Debug|Mixed Platforms.ActiveCfg = Debug|Any CPU
		{66A11794-6EB7-4062-BA79-D352C37CDB78}.Debug|Mixed Platforms.Build.0 = Debug|Any CPU
		{66A11794-6EB7-4062-BA79-D352C37CDB78}.Debug|x86.ActiveCfg = Debug|Any CPU
		{66A11794-6EB7-4062-BA79-D352C37CDB78}.Release|Any CPU.ActiveCfg = Release|Any CPU
		{66A11794-6EB7-4062-BA79-D352C37CDB78}.Release|Any CPU.Build.0 = Release|Any CPU
		{66A11794-6EB7-4062-BA79-D352C37CDB78}.Release|Mixed Platforms.ActiveCfg = Release|Any CPU
		{66A11794-6EB7-4062-BA79-D352C37CDB78}.Release|Mixed Platforms.Build.0 = Release|Any CPU
		{66A11794-6EB7-4062-BA79-D352C37CDB78}.Release|x86.ActiveCfg = Release|Any CPU
		{715EE89E-18C1-4954-8CF0-6701F95757A0}.Debug|Any CPU.ActiveCfg = Debug|Any CPU
		{715EE89E-18C1-4954-8CF0-6701F95757A0}.Debug|Any CPU.Build.0 = Debug|Any CPU
		{715EE89E-18C1-4954-8CF0-6701F95757A0}.Debug|Mixed Platforms.ActiveCfg = Debug|Any CPU
		{715EE89E-18C1-4954-8CF0-6701F95757A0}.Debug|Mixed Platforms.Build.0 = Debug|Any CPU
		{715EE89E-18C1-4954-8CF0-6701F95757A0}.Debug|x86.ActiveCfg = Debug|Any CPU
		{715EE89E-18C1-4954-8CF0-6701F95757A0}.Release|Any CPU.ActiveCfg = Release|Any CPU
		{715EE89E-18C1-4954-8CF0-6701F95757A0}.Release|Any CPU.Build.0 = Release|Any CPU
		{715EE89E-18C1-4954-8CF0-6701F95757A0}.Release|Mixed Platforms.ActiveCfg = Release|Any CPU
		{715EE89E-18C1-4954-8CF0-6701F95757A0}.Release|Mixed Platforms.Build.0 = Release|Any CPU
		{715EE89E-18C1-4954-8CF0-6701F95757A0}.Release|x86.ActiveCfg = Release|Any CPU
		{DEB8F9B0-711A-4573-81A5-663448B53A55}.Debug|Any CPU.ActiveCfg = Debug|x86
		{DEB8F9B0-711A-4573-81A5-663448B53A55}.Debug|Mixed Platforms.ActiveCfg = Debug|x86
		{DEB8F9B0-711A-4573-81A5-663448B53A55}.Debug|Mixed Platforms.Build.0 = Debug|x86
		{DEB8F9B0-711A-4573-81A5-663448B53A55}.Debug|x86.ActiveCfg = Debug|x86
		{DEB8F9B0-711A-4573-81A5-663448B53A55}.Debug|x86.Build.0 = Debug|x86
		{DEB8F9B0-711A-4573-81A5-663448B53A55}.Release|Any CPU.ActiveCfg = Release|x86
		{DEB8F9B0-711A-4573-81A5-663448B53A55}.Release|Mixed Platforms.ActiveCfg = Release|x86
		{DEB8F9B0-711A-4573-81A5-663448B53A55}.Release|Mixed Platforms.Build.0 = Release|x86
		{DEB8F9B0-711A-4573-81A5-663448B53A55}.Release|x86.ActiveCfg = Release|x86
		{DEB8F9B0-711A-4573-81A5-663448B53A55}.Release|x86.Build.0 = Release|x86
	EndGlobalSection
	GlobalSection(SolutionProperties) = preSolution
		HideSolutionNode = FALSE
	EndGlobalSection
EndGlobal
